
Microsoft Visual Studio Solution File, Format Version 12.00
# Visual Studio Version 16
VisualStudioVersion = 16.0.32002.261
MinimumVisualStudioVersion = 10.0.40219.1
Project("{9A19103F-16F7-4668-BE54-9A1E7A4F7556}") = "EmailSendGrid", "EmailSendGrid.csproj", "{71F30AB3-B05C-47B9-BA8C-2CCFB0431C63}"
EndProject
Global
	GlobalSection(SolutionConfigurationPlatforms) = preSolution
		Debug|Any CPU = Debug|Any CPU
		Release|Any CPU = Release|Any CPU
	EndGlobalSection
	GlobalSection(ProjectConfigurationPlatforms) = postSolution
		{71F30AB3-B05C-47B9-BA8C-2CCFB0431C63}.Debug|Any CPU.ActiveCfg = Debug|Any CPU
		{71F30AB3-B05C-47B9-BA8C-2CCFB0431C63}.Debug|Any CPU.Build.0 = Debug|Any CPU
		{71F30AB3-B05C-47B9-BA8C-2CCFB0431C63}.Release|Any CPU.ActiveCfg = Release|Any CPU
		{71F30AB3-B05C-47B9-BA8C-2CCFB0431C63}.Release|Any CPU.Build.0 = Release|Any CPU
	EndGlobalSection
	GlobalSection(SolutionProperties) = preSolution
		HideSolutionNode = FALSE
	EndGlobalSection
	GlobalSection(ExtensibilityGlobals) = postSolution
		SolutionGuid = {ABA74A14-1668-4BEB-8C4A-26B8FAB861FE}
	EndGlobalSection
EndGlobal
